
Microsoft Visual Studio Solution File, Format Version 12.00
# Visual Studio 15
VisualStudioVersion = 15.0.27703.2042
MinimumVisualStudioVersion = 10.0.40219.1
Project("{FAE04EC0-301F-11D3-BF4B-00C04F79EFBC}") = "PopCorn TV", "PopCorn TV\PopCorn TV.csproj", "{6C1E1D88-B361-43BE-BE6A-6B4967C0A0FD}"
EndProject
Global
	GlobalSection(SolutionConfigurationPlatforms) = preSolution
		Debug|Any CPU = Debug|Any CPU
		Release|Any CPU = Release|Any CPU
	EndGlobalSection
	GlobalSection(ProjectConfigurationPlatforms) = postSolution
		{6C1E1D88-B361-43BE-BE6A-6B4967C0A0FD}.Debug|Any CPU.ActiveCfg = Debug|Any CPU
		{6C1E1D88-B361-43BE-BE6A-6B4967C0A0FD}.Debug|Any CPU.Build.0 = Debug|Any CPU
		{6C1E1D88-B361-43BE-BE6A-6B4967C0A0FD}.Release|Any CPU.ActiveCfg = Release|Any CPU
		{6C1E1D88-B361-43BE-BE6A-6B4967C0A0FD}.Release|Any CPU.Build.0 = Release|Any CPU
	EndGlobalSection
	GlobalSection(SolutionProperties) = preSolution
		HideSolutionNode = FALSE
	EndGlobalSection
	GlobalSection(ExtensibilityGlobals) = postSolution
		SolutionGuid = {FA373495-2CB2-4C40-9B73-58C63BEB83A6}
	EndGlobalSection
EndGlobal
